# generated by rye
# use `rye lock` or `rye sync` to update this lockfile
#
# last locked with the following flags:
#   pre: false
#   features: []
#   all-features: false
#   with-sources: false
#   generate-hashes: false
#   universal: false

-e file:pntos-api
    # via pntos-cobra
-e file:pntos-cli
-e file:pntos-cobra
alabaster==0.7.16
    # via sphinx
aspn-lcm @ git+ssh://git@git.aspn.us/pntos/lcm-generated.git@21e03f8765605dcd3c8d8d6bb7091ebeef24ee23#subdirectory=python
    # via pntos-cobra
aspn23 @ git+ssh://git@git.aspn.us/pntos/firehose-outputs.git@0f42a18e9c3a65462d10686eced7bb3e0f51eae8#subdirectory=aspn-py
    # via pntos-api
    # via pntos-cobra
aspn23-lcm @ git+ssh://git@git.aspn.us/pntos/firehose-outputs.git@0f42a18e9c3a65462d10686eced7bb3e0f51eae8#subdirectory=lcm/python
    # via pntos-cobra
asttokens==2.4.1
    # via stack-data
babel==2.15.0
    # via sphinx
certifi==2024.2.2
    # via requests
charset-normalizer==3.3.2
    # via requests
coverage==7.6.10
    # via pytest-cov
decorator==5.1.1
    # via ipython
docutils==0.21.2
    # via myst-parser
    # via sphinx
    # via sphinx-rtd-theme
executing==2.0.1
    # via stack-data
idna==3.7
    # via requests
imagesize==1.4.1
    # via sphinx
iniconfig==2.0.0
    # via pytest
ipython==8.24.0
jedi==0.19.1
    # via ipython
jinja2==3.1.4
    # via myst-parser
    # via sphinx
lcm==1.5.1
    # via aspn-lcm
    # via aspn23-lcm
    # via pntos-cobra
markdown-it-py==3.0.0
    # via mdit-py-plugins
    # via myst-parser
markupsafe==2.1.5
    # via jinja2
matplotlib-inline==0.1.7
    # via ipython
mdit-py-plugins==0.4.2
    # via myst-parser
mdurl==0.1.2
    # via markdown-it-py
mypy==1.10.0
mypy-extensions==1.0.0
    # via mypy
myst-parser==4.0.0
navtk @ git+ssh://git@git.aspn.us/pntos/navtk.git@cf84edb5e7c83b8ccf7fea012a8b423f8fd889bc
    # via pntos-cobra
numpy==1.26.4
    # via aspn23
    # via navtk
    # via pntos-cobra
    # via scipy
packaging==24.0
    # via pytest
    # via sphinx
parso==0.8.4
    # via jedi
pexpect==4.9.0
    # via ipython
pip==24.0
pluggy==1.5.0
    # via pytest
prompt-toolkit==3.0.43
    # via ipython
ptyprocess==0.7.0
    # via pexpect
pure-eval==0.2.2
    # via stack-data
pygments==2.18.0
    # via ipython
    # via sphinx
pytest==8.2.0
    # via pytest-cov
pytest-cov==6.0.0
pyyaml==6.0.2
    # via myst-parser
requests==2.31.0
    # via sphinx
ruff==0.4.5
scipy==1.15.2
    # via pntos-cobra
six==1.16.0
    # via asttokens
snowballstemmer==2.2.0
    # via sphinx
sphinx==7.3.7
    # via myst-parser
    # via sphinx-rtd-theme
    # via sphinxcontrib-jquery
sphinx-rtd-theme==3.0.2
sphinxcontrib-applehelp==1.0.8
    # via sphinx
sphinxcontrib-devhelp==1.0.6
    # via sphinx
sphinxcontrib-htmlhelp==2.0.5
    # via sphinx
sphinxcontrib-jquery==4.1
    # via sphinx-rtd-theme
sphinxcontrib-jsmath==1.0.1
    # via sphinx
sphinxcontrib-qthelp==1.0.7
    # via sphinx
sphinxcontrib-serializinghtml==1.1.10
    # via sphinx
stack-data==0.6.3
    # via ipython
traitlets==5.14.3
    # via ipython
    # via matplotlib-inline
typing-extensions==4.12.0
    # via ipython
    # via mypy
urllib3==2.2.1
    # via requests
wcwidth==0.2.13
    # via prompt-toolkit
