# generated by rye
# use `rye lock` or `rye sync` to update this lockfile
#
# last locked with the following flags:
#   pre: false
#   features: []
#   all-features: false
#   with-sources: false
#   generate-hashes: false
#   universal: false

-e file:pntos-api
    # via pntos-cobra
-e file:pntos-cli
-e file:pntos-cobra
aspn-lcm @ git+ssh://git@git.aspn.us/pntos/lcm-generated.git@21e03f8765605dcd3c8d8d6bb7091ebeef24ee23#subdirectory=python
    # via pntos-cobra
aspn23 @ git+ssh://git@git.aspn.us/pntos/firehose-outputs.git@0f42a18e9c3a65462d10686eced7bb3e0f51eae8#subdirectory=aspn-py
    # via pntos-api
    # via pntos-cobra
aspn23-lcm @ git+ssh://git@git.aspn.us/pntos/firehose-outputs.git@0f42a18e9c3a65462d10686eced7bb3e0f51eae8#subdirectory=lcm/python
    # via pntos-cobra
lcm @ git+https://github.com/lcm-proj/lcm.git@8d638bb3aeae39fda5db59f43b85f3a4b3f9a6ac
    # via aspn-lcm
    # via aspn23-lcm
    # via pntos-cobra
numpy==1.26.4
    # via aspn23
    # via pntos-cobra
