# generated by rye
# use `rye lock` or `rye sync` to update this lockfile
#
# last locked with the following flags:
#   pre: false
#   features: []
#   all-features: false
#   with-sources: false

-e file:pntos-api
    # via pntos-cobra
-e file:pntos-cli
-e file:pntos-cobra
alabaster==0.7.16
    # via sphinx
aspn2-lcm @ git+ssh://git@git.aspn.us/pntos/lcm-generated.git@40f3930653286e2a4f1d4557ccd3b4279ac4f522#subdirectory=python
    # via pntos-cobra
aspn23 @ git+ssh://git@git.aspn.us/pntos/firehose-outputs.git@be11c4279e8f8b1f72833beaf49ca9f995654f2c#subdirectory=aspn-py
    # via pntos-cobra
aspn23-lcm @ git+ssh://git@git.aspn.us/pntos/firehose-outputs.git@be11c4279e8f8b1f72833beaf49ca9f995654f2c#subdirectory=lcm/python
    # via pntos-cobra
asttokens==2.4.1
    # via stack-data
babel==2.15.0
    # via sphinx
certifi==2024.2.2
    # via requests
charset-normalizer==3.3.2
    # via requests
decorator==5.1.1
    # via ipython
docutils==0.21.2
    # via sphinx
executing==2.0.1
    # via stack-data
idna==3.7
    # via requests
imagesize==1.4.1
    # via sphinx
iniconfig==2.0.0
    # via pytest
ipython==8.24.0
jedi==0.19.1
    # via ipython
jinja2==3.1.4
    # via sphinx
lcm @ git+https://github.com/lcm-proj/lcm.git@e72f1baccadcd2a367d1612ba102ce004b03f0ca#subdirectory=lcm-python
    # via aspn2-lcm
    # via aspn23-lcm
    # via pntos-cobra
markupsafe==2.1.5
    # via jinja2
matplotlib-inline==0.1.7
    # via ipython
mypy==1.10.0
mypy-extensions==1.0.0
    # via mypy
numpy==1.26.4
    # via aspn23
    # via pntos-cobra
packaging==24.0
    # via pytest
    # via sphinx
parso==0.8.4
    # via jedi
pexpect==4.9.0
    # via ipython
pip==24.0
pluggy==1.5.0
    # via pytest
prompt-toolkit==3.0.43
    # via ipython
ptyprocess==0.7.0
    # via pexpect
pure-eval==0.2.2
    # via stack-data
pygments==2.18.0
    # via ipython
    # via sphinx
pytest==8.2.0
requests==2.31.0
    # via sphinx
ruff==0.4.5
six==1.16.0
    # via asttokens
snowballstemmer==2.2.0
    # via sphinx
sphinx==7.3.7
sphinxcontrib-applehelp==1.0.8
    # via sphinx
sphinxcontrib-devhelp==1.0.6
    # via sphinx
sphinxcontrib-htmlhelp==2.0.5
    # via sphinx
sphinxcontrib-jsmath==1.0.1
    # via sphinx
sphinxcontrib-qthelp==1.0.7
    # via sphinx
sphinxcontrib-serializinghtml==1.1.10
    # via sphinx
stack-data==0.6.3
    # via ipython
traitlets==5.14.3
    # via ipython
    # via matplotlib-inline
typing-extensions==4.12.0
    # via ipython
    # via mypy
urllib3==2.2.1
    # via requests
wcwidth==0.2.13
    # via prompt-toolkit
