# generated by rye
# use `rye lock` or `rye sync` to update this lockfile
#
# last locked with the following flags:
#   pre: false
#   features: []
#   all-features: false
#   with-sources: false
#   generate-hashes: false
#   universal: false

-e file:pntos-api
    # via pntos-cobra
-e file:pntos-cli
-e file:pntos-cobra
aspn-lcm @ git+ssh://git@git.aspn.us/pntos/lcm-generated.git@21e03f8765605dcd3c8d8d6bb7091ebeef24ee23#subdirectory=python
    # via pntos-cobra
aspn23 @ git+ssh://git@git.aspn.us/pntos/firehose-outputs.git@f5f5b2b4637517bb10299fb6be7248a2215fbb74#subdirectory=aspn-py
    # via pntos-api
    # via pntos-cobra
aspn23-lcm @ git+ssh://git@git.aspn.us/pntos/firehose-outputs.git@f5f5b2b4637517bb10299fb6be7248a2215fbb74#subdirectory=lcm/python
    # via pntos-cobra
lcm==1.5.1
    # via aspn-lcm
    # via aspn23-lcm
    # via pntos-cobra
navtk @ git+ssh://git@git.aspn.us/pntos/navtk.git@cf84edb5e7c83b8ccf7fea012a8b423f8fd889bc
    # via pntos-cobra
numpy==1.26.4
    # via aspn23
    # via navtk
    # via pntos-cobra
    # via scipy
pntos-python-datasets @ git+ssh://git@git.aspn.us/pntos/pntos-python-datasets.git@64b88705a2bb762ec618b9960229986120d000b9
    # via pntos-cobra
scipy==1.15.2
    # via pntos-cobra
